schema: '2.0'
stages:
  data_ingestion:
    cmd: python src/data/data_ingestion.py
    deps:
    - path: src/data/data_ingestion.py
      hash: md5
      md5: dcaa04053602ec68dd27f8fb337c20f9
      size: 3375
    params:
      params.yaml:
        data_ingestion.test_size: 0.2
    outs:
    - path: data/raw
      hash: md5
      md5: 2f8d02da7bc67c260d9fa8241962149c.dir
      size: 649243
      nfiles: 2
  data_preprocessing:
    cmd: python src/data/data_preprocessing.py
    deps:
    - path: data/raw
      hash: md5
      md5: 2f8d02da7bc67c260d9fa8241962149c.dir
      size: 649243
      nfiles: 2
    - path: src/data/data_preprocessing.py
      hash: md5
      md5: 3a31f9a5c766af5581f1ff2a68b05df0
      size: 2885
    outs:
    - path: data/interim
      hash: md5
      md5: 7bc1fabf3ea6a3fc776b6f4121e7a4fa.dir
      size: 401173
      nfiles: 2
  feature_engineering:
    cmd: python src/features/feature_engineering.py
    deps:
    - path: data/interim
      hash: md5
      md5: 7bc1fabf3ea6a3fc776b6f4121e7a4fa.dir
      size: 401173
      nfiles: 2
    - path: src/features/feature_engineering.py
      hash: md5
      md5: 3c4159dce3bd1cabe97e11ac2bb3167b
      size: 3424
    params:
      params.yaml:
        feature_engineering.max_features: 50
    outs:
    - path: data/processed
      hash: md5
      md5: 61418ae3c0b54f51b85863117da29cd4.dir
      size: 51883
      nfiles: 2
    - path: models/vectorizer.pkl
      hash: md5
      md5: 5cbbfb2f9c29c49cba04bebea32199fa
      size: 1665
  model_building:
    cmd: python src/model/model_building.py
    deps:
    - path: data/processed
      hash: md5
      md5: 61418ae3c0b54f51b85863117da29cd4.dir
      size: 51883
      nfiles: 2
    - path: src/model/model_building.py
      hash: md5
      md5: 0147f56dbbab9cf1065b67f3cf72e473
      size: 1859
    outs:
    - path: models/model.pkl
      hash: md5
      md5: 46aa5bd947bd328db992f139606ef50c
      size: 1114
  model_evaluation:
    cmd: python src/model/model_evaluation.py
    deps:
    - path: models/model.pkl
      hash: md5
      md5: 46aa5bd947bd328db992f139606ef50c
      size: 1114
    - path: src/model/model_evaluation.py
      hash: md5
      md5: 3d80ef93ddf836a7938ec99d503d637d
      size: 5521
    outs:
    - path: reports/experiment_info.json
      hash: md5
      md5: 180f3e8f2bb05311125c678c1e3bf460
      size: 82
    - path: reports/metrics.json
      hash: md5
      md5: e85bb1e6e009740c9a7761dcfcaab7ab
      size: 115
  model_registration:
    cmd: python src/model/register_model.py
    deps:
    - path: reports/experiment_info.json
      hash: md5
      md5: 180f3e8f2bb05311125c678c1e3bf460
      size: 82
    - path: src/model/register_model.py
      hash: md5
      md5: bb209d7f384769b82c6651ec2b1fe943
      size: 3089
